
Microsoft Visual Studio Solution File, Format Version 12.00
# Visual Studio Version 16
VisualStudioVersion = 16.0.31624.102
MinimumVisualStudioVersion = 10.0.40219.1
Project("{FAE04EC0-301F-11D3-BF4B-00C04F79EFBC}") = "AGS.NET", "AGS.NET\AGS.NET.csproj", "{AA009056-03FC-4239-BB17-2F404A37DBF2}"
EndProject
Project("{FAE04EC0-301F-11D3-BF4B-00C04F79EFBC}") = "AGS.NET.Sample", "AGS.NET.Sample\AGS.NET.Sample.csproj", "{82DBBD26-AD48-43A2-B756-3B02B770AEDB}"
EndProject
Global
	GlobalSection(SolutionConfigurationPlatforms) = preSolution
		Debug|Any CPU = Debug|Any CPU
		Debug|x64 = Debug|x64
		Release|Any CPU = Release|Any CPU
		Release|x64 = Release|x64
	EndGlobalSection
	GlobalSection(ProjectConfigurationPlatforms) = postSolution
		{AA009056-03FC-4239-BB17-2F404A37DBF2}.Debug|Any CPU.ActiveCfg = Debug|Any CPU
		{AA009056-03FC-4239-BB17-2F404A37DBF2}.Debug|Any CPU.Build.0 = Debug|Any CPU
		{AA009056-03FC-4239-BB17-2F404A37DBF2}.Debug|x64.ActiveCfg = Debug|x64
		{AA009056-03FC-4239-BB17-2F404A37DBF2}.Debug|x64.Build.0 = Debug|x64
		{AA009056-03FC-4239-BB17-2F404A37DBF2}.Release|Any CPU.ActiveCfg = Release|Any CPU
		{AA009056-03FC-4239-BB17-2F404A37DBF2}.Release|Any CPU.Build.0 = Release|Any CPU
		{AA009056-03FC-4239-BB17-2F404A37DBF2}.Release|x64.ActiveCfg = Release|x64
		{AA009056-03FC-4239-BB17-2F404A37DBF2}.Release|x64.Build.0 = Release|x64
		{82DBBD26-AD48-43A2-B756-3B02B770AEDB}.Debug|Any CPU.ActiveCfg = Debug|Any CPU
		{82DBBD26-AD48-43A2-B756-3B02B770AEDB}.Debug|Any CPU.Build.0 = Debug|Any CPU
		{82DBBD26-AD48-43A2-B756-3B02B770AEDB}.Debug|x64.ActiveCfg = Debug|x64
		{82DBBD26-AD48-43A2-B756-3B02B770AEDB}.Debug|x64.Build.0 = Debug|x64
		{82DBBD26-AD48-43A2-B756-3B02B770AEDB}.Release|Any CPU.ActiveCfg = Release|Any CPU
		{82DBBD26-AD48-43A2-B756-3B02B770AEDB}.Release|Any CPU.Build.0 = Release|Any CPU
		{82DBBD26-AD48-43A2-B756-3B02B770AEDB}.Release|x64.ActiveCfg = Release|x64
		{82DBBD26-AD48-43A2-B756-3B02B770AEDB}.Release|x64.Build.0 = Release|x64
	EndGlobalSection
	GlobalSection(SolutionProperties) = preSolution
		HideSolutionNode = FALSE
	EndGlobalSection
	GlobalSection(ExtensibilityGlobals) = postSolution
		SolutionGuid = {24F8E4C6-E62C-4865-9C6F-3474A597E126}
	EndGlobalSection
EndGlobal
